
Microsoft Visual Studio Solution File, Format Version 12.00
# Visual Studio Version 17
VisualStudioVersion = 17.13.35931.197 d17.13
MinimumVisualStudioVersion = 10.0.40219.1
Project("{FAE04EC0-301F-11D3-BF4B-00C04F79EFBC}") = "TutorialsAPI", "TutorialsAPI\TutorialsAPI.csproj", "{EC4642E6-6693-4393-99C5-D66B34B39A18}"
EndProject
Global
	GlobalSection(SolutionConfigurationPlatforms) = preSolution
		Debug|Any CPU = Debug|Any CPU
		Release|Any CPU = Release|Any CPU
	EndGlobalSection
	GlobalSection(ProjectConfigurationPlatforms) = postSolution
		{EC4642E6-6693-4393-99C5-D66B34B39A18}.Debug|Any CPU.ActiveCfg = Debug|Any CPU
		{EC4642E6-6693-4393-99C5-D66B34B39A18}.Debug|Any CPU.Build.0 = Debug|Any CPU
		{EC4642E6-6693-4393-99C5-D66B34B39A18}.Release|Any CPU.ActiveCfg = Release|Any CPU
		{EC4642E6-6693-4393-99C5-D66B34B39A18}.Release|Any CPU.Build.0 = Release|Any CPU
	EndGlobalSection
	GlobalSection(SolutionProperties) = preSolution
		HideSolutionNode = FALSE
	EndGlobalSection
	GlobalSection(ExtensibilityGlobals) = postSolution
		SolutionGuid = {25A767CB-997D-420F-B891-A793373CBC06}
	EndGlobalSection
EndGlobal
